// !$*UTF8*$!
{
	archiveVersion = 1;
	classes = {
	};
	objectVersion = 55;
	objects = {

/* Begin PBXBuildFile section */
		8D05F95B290A99E8001DB3CA /* CoinDataService.swift in Sources */ = {isa = PBXBuildFile; fileRef = 8D05F95A290A99E8001DB3CA /* CoinDataService.swift */; };
		8D06F32A28DB7EF100D4BE91 /* CoinModel.swift in Sources */ = {isa = PBXBuildFile; fileRef = 8D06F32928DB7EF100D4BE91 /* CoinModel.swift */; };
		8D1284D52902BE3000F63D0A /* CoinRowView.swift in Sources */ = {isa = PBXBuildFile; fileRef = 8D1284D42902BE3000F63D0A /* CoinRowView.swift */; };
		8D1284D72902BE6C00F63D0A /* PreviewProvider.swift in Sources */ = {isa = PBXBuildFile; fileRef = 8D1284D62902BE6C00F63D0A /* PreviewProvider.swift */; };
		8D2D8B5528D0F4C700F79B9F /* CryptoAppApp.swift in Sources */ = {isa = PBXBuildFile; fileRef = 8D2D8B5428D0F4C700F79B9F /* CryptoAppApp.swift */; };
		8D2D8B5728D0F4C700F79B9F /* ContentView.swift in Sources */ = {isa = PBXBuildFile; fileRef = 8D2D8B5628D0F4C700F79B9F /* ContentView.swift */; };
		8D2D8B5C28D0F4C800F79B9F /* Preview Assets.xcassets in Resources */ = {isa = PBXBuildFile; fileRef = 8D2D8B5B28D0F4C800F79B9F /* Preview Assets.xcassets */; };
		8D2D8B6328D0F53D00F79B9F /* Assets.xcassets in Resources */ = {isa = PBXBuildFile; fileRef = 8D2D8B6228D0F53D00F79B9F /* Assets.xcassets */; };
		8D2D8B6628D0F60500F79B9F /* Color.swift in Sources */ = {isa = PBXBuildFile; fileRef = 8D2D8B6528D0F60500F79B9F /* Color.swift */; };
		8D2D8B6C28D0F8E700F79B9F /* HomeView.swift in Sources */ = {isa = PBXBuildFile; fileRef = 8D2D8B6B28D0F8E700F79B9F /* HomeView.swift */; };
		8D2D8B7028D0F98B00F79B9F /* CircleButton.swift in Sources */ = {isa = PBXBuildFile; fileRef = 8D2D8B6F28D0F98B00F79B9F /* CircleButton.swift */; };
		8D2D8B7228D1008100F79B9F /* CirvleButtonAnimationView.swift in Sources */ = {isa = PBXBuildFile; fileRef = 8D2D8B7128D1008100F79B9F /* CirvleButtonAnimationView.swift */; };
		8D440BD229081CEF000B85A5 /* HomeViewModel.swift in Sources */ = {isa = PBXBuildFile; fileRef = 8D440BD129081CEF000B85A5 /* HomeViewModel.swift */; };
		8DFE0E702906CE910035F53F /* Double.swift in Sources */ = {isa = PBXBuildFile; fileRef = 8DFE0E6F2906CE910035F53F /* Double.swift */; };
/* End PBXBuildFile section */

/* Begin PBXFileReference section */
		8D05F95A290A99E8001DB3CA /* CoinDataService.swift */ = {isa = PBXFileReference; lastKnownFileType = sourcecode.swift; path = CoinDataService.swift; sourceTree = "<group>"; };
		8D06F32928DB7EF100D4BE91 /* CoinModel.swift */ = {isa = PBXFileReference; fileEncoding = 4; lastKnownFileType = sourcecode.swift; path = CoinModel.swift; sourceTree = "<group>"; };
		8D1284D42902BE3000F63D0A /* CoinRowView.swift */ = {isa = PBXFileReference; lastKnownFileType = sourcecode.swift; path = CoinRowView.swift; sourceTree = "<group>"; };
		8D1284D62902BE6C00F63D0A /* PreviewProvider.swift */ = {isa = PBXFileReference; lastKnownFileType = sourcecode.swift; path = PreviewProvider.swift; sourceTree = "<group>"; };
		8D2D8B5128D0F4C700F79B9F /* CryptoApp.app */ = {isa = PBXFileReference; explicitFileType = wrapper.application; includeInIndex = 0; path = CryptoApp.app; sourceTree = BUILT_PRODUCTS_DIR; };
		8D2D8B5428D0F4C700F79B9F /* CryptoAppApp.swift */ = {isa = PBXFileReference; lastKnownFileType = sourcecode.swift; path = CryptoAppApp.swift; sourceTree = "<group>"; };
		8D2D8B5628D0F4C700F79B9F /* ContentView.swift */ = {isa = PBXFileReference; lastKnownFileType = sourcecode.swift; path = ContentView.swift; sourceTree = "<group>"; };
		8D2D8B5B28D0F4C800F79B9F /* Preview Assets.xcassets */ = {isa = PBXFileReference; lastKnownFileType = folder.assetcatalog; path = "Preview Assets.xcassets"; sourceTree = "<group>"; };
		8D2D8B6228D0F53D00F79B9F /* Assets.xcassets */ = {isa = PBXFileReference; lastKnownFileType = folder.assetcatalog; name = Assets.xcassets; path = ../../../../Downloads/Resources/Assets.xcassets; sourceTree = "<group>"; };
		8D2D8B6528D0F60500F79B9F /* Color.swift */ = {isa = PBXFileReference; lastKnownFileType = sourcecode.swift; path = Color.swift; sourceTree = "<group>"; };
		8D2D8B6B28D0F8E700F79B9F /* HomeView.swift */ = {isa = PBXFileReference; lastKnownFileType = sourcecode.swift; path = HomeView.swift; sourceTree = "<group>"; };
		8D2D8B6F28D0F98B00F79B9F /* CircleButton.swift */ = {isa = PBXFileReference; lastKnownFileType = sourcecode.swift; path = CircleButton.swift; sourceTree = "<group>"; };
		8D2D8B7128D1008100F79B9F /* CirvleButtonAnimationView.swift */ = {isa = PBXFileReference; lastKnownFileType = sourcecode.swift; path = CirvleButtonAnimationView.swift; sourceTree = "<group>"; };
		8D440BD129081CEF000B85A5 /* HomeViewModel.swift */ = {isa = PBXFileReference; lastKnownFileType = sourcecode.swift; path = HomeViewModel.swift; sourceTree = "<group>"; };
		8DFE0E6F2906CE910035F53F /* Double.swift */ = {isa = PBXFileReference; lastKnownFileType = sourcecode.swift; path = Double.swift; sourceTree = "<group>"; };
/* End PBXFileReference section */

/* Begin PBXFrameworksBuildPhase section */
		8D2D8B4E28D0F4C700F79B9F /* Frameworks */ = {
			isa = PBXFrameworksBuildPhase;
			buildActionMask = 2147483647;
			files = (
			);
			runOnlyForDeploymentPostprocessing = 0;
		};
/* End PBXFrameworksBuildPhase section */

/* Begin PBXGroup section */
		8D05F959290A99C2001DB3CA /* Services */ = {
			isa = PBXGroup;
			children = (
				8D05F95A290A99E8001DB3CA /* CoinDataService.swift */,
			);
			path = Services;
			sourceTree = "<group>";
		};
		8D06F32628DB7B9A00D4BE91 /* Model */ = {
			isa = PBXGroup;
			children = (
				8D06F32928DB7EF100D4BE91 /* CoinModel.swift */,
			);
			path = Model;
			sourceTree = "<group>";
		};
		8D2D8B4828D0F4C700F79B9F = {
			isa = PBXGroup;
			children = (
				8D2D8B5328D0F4C700F79B9F /* CryptoApp */,
				8D2D8B5228D0F4C700F79B9F /* Products */,
			);
			sourceTree = "<group>";
		};
		8D2D8B5228D0F4C700F79B9F /* Products */ = {
			isa = PBXGroup;
			children = (
				8D2D8B5128D0F4C700F79B9F /* CryptoApp.app */,
			);
			name = Products;
			sourceTree = "<group>";
		};
		8D2D8B5328D0F4C700F79B9F /* CryptoApp */ = {
			isa = PBXGroup;
			children = (
				8D2D8B5428D0F4C700F79B9F /* CryptoAppApp.swift */,
				8D2D8B5628D0F4C700F79B9F /* ContentView.swift */,
				8D05F959290A99C2001DB3CA /* Services */,
				8D2D8B6228D0F53D00F79B9F /* Assets.xcassets */,
				8D2D8B6428D0F5F000F79B9F /* Extension */,
				8D06F32628DB7B9A00D4BE91 /* Model */,
				8D2D8B6728D0F87700F79B9F /* Core */,
				8D2D8B5A28D0F4C800F79B9F /* Preview Content */,
			);
			path = CryptoApp;
			sourceTree = "<group>";
		};
		8D2D8B5A28D0F4C800F79B9F /* Preview Content */ = {
			isa = PBXGroup;
			children = (
				8D2D8B5B28D0F4C800F79B9F /* Preview Assets.xcassets */,
			);
			path = "Preview Content";
			sourceTree = "<group>";
		};
		8D2D8B6428D0F5F000F79B9F /* Extension */ = {
			isa = PBXGroup;
			children = (
				8D2D8B6528D0F60500F79B9F /* Color.swift */,
				8D1284D62902BE6C00F63D0A /* PreviewProvider.swift */,
				8DFE0E6F2906CE910035F53F /* Double.swift */,
			);
			path = Extension;
			sourceTree = "<group>";
		};
		8D2D8B6728D0F87700F79B9F /* Core */ = {
			isa = PBXGroup;
			children = (
				8D2D8B6D28D0F96E00F79B9F /* Components */,
				8D2D8B6828D0F89700F79B9F /* Home */,
			);
			path = Core;
			sourceTree = "<group>";
		};
		8D2D8B6828D0F89700F79B9F /* Home */ = {
			isa = PBXGroup;
			children = (
				8D2D8B6928D0F8AB00F79B9F /* ViewModels */,
				8D2D8B6A28D0F8B600F79B9F /* Views */,
			);
			path = Home;
			sourceTree = "<group>";
		};
		8D2D8B6928D0F8AB00F79B9F /* ViewModels */ = {
			isa = PBXGroup;
			children = (
				8D440BD129081CEF000B85A5 /* HomeViewModel.swift */,
			);
			path = ViewModels;
			sourceTree = "<group>";
		};
		8D2D8B6A28D0F8B600F79B9F /* Views */ = {
			isa = PBXGroup;
			children = (
				8D2D8B6B28D0F8E700F79B9F /* HomeView.swift */,
				8D1284D42902BE3000F63D0A /* CoinRowView.swift */,
			);
			path = Views;
			sourceTree = "<group>";
		};
		8D2D8B6D28D0F96E00F79B9F /* Components */ = {
			isa = PBXGroup;
			children = (
				8D2D8B6E28D0F97B00F79B9F /* CircleButton */,
			);
			path = Components;
			sourceTree = "<group>";
		};
		8D2D8B6E28D0F97B00F79B9F /* CircleButton */ = {
			isa = PBXGroup;
			children = (
				8D2D8B6F28D0F98B00F79B9F /* CircleButton.swift */,
				8D2D8B7128D1008100F79B9F /* CirvleButtonAnimationView.swift */,
			);
			path = CircleButton;
			sourceTree = "<group>";
		};
/* End PBXGroup section */

/* Begin PBXNativeTarget section */
		8D2D8B5028D0F4C700F79B9F /* CryptoApp */ = {
			isa = PBXNativeTarget;
			buildConfigurationList = 8D2D8B5F28D0F4C800F79B9F /* Build configuration list for PBXNativeTarget "CryptoApp" */;
			buildPhases = (
				8D2D8B4D28D0F4C700F79B9F /* Sources */,
				8D2D8B4E28D0F4C700F79B9F /* Frameworks */,
				8D2D8B4F28D0F4C700F79B9F /* Resources */,
			);
			buildRules = (
			);
			dependencies = (
			);
			name = CryptoApp;
			productName = CryptoApp;
			productReference = 8D2D8B5128D0F4C700F79B9F /* CryptoApp.app */;
			productType = "com.apple.product-type.application";
		};
/* End PBXNativeTarget section */

/* Begin PBXProject section */
		8D2D8B4928D0F4C700F79B9F /* Project object */ = {
			isa = PBXProject;
			attributes = {
				BuildIndependentTargetsInParallel = 1;
				LastSwiftUpdateCheck = 1340;
				LastUpgradeCheck = 1340;
				TargetAttributes = {
					8D2D8B5028D0F4C700F79B9F = {
						CreatedOnToolsVersion = 13.4.1;
					};
				};
			};
			buildConfigurationList = 8D2D8B4C28D0F4C700F79B9F /* Build configuration list for PBXProject "CryptoApp" */;
			compatibilityVersion = "Xcode 13.0";
			developmentRegion = en;
			hasScannedForEncodings = 0;
			knownRegions = (
				en,
				Base,
			);
			mainGroup = 8D2D8B4828D0F4C700F79B9F;
			productRefGroup = 8D2D8B5228D0F4C700F79B9F /* Products */;
			projectDirPath = "";
			projectRoot = "";
			targets = (
				8D2D8B5028D0F4C700F79B9F /* CryptoApp */,
			);
		};
/* End PBXProject section */

/* Begin PBXResourcesBuildPhase section */
		8D2D8B4F28D0F4C700F79B9F /* Resources */ = {
			isa = PBXResourcesBuildPhase;
			buildActionMask = 2147483647;
			files = (
				8D2D8B5C28D0F4C800F79B9F /* Preview Assets.xcassets in Resources */,
				8D2D8B6328D0F53D00F79B9F /* Assets.xcassets in Resources */,
			);
			runOnlyForDeploymentPostprocessing = 0;
		};
/* End PBXResourcesBuildPhase section */

/* Begin PBXSourcesBuildPhase section */
		8D2D8B4D28D0F4C700F79B9F /* Sources */ = {
			isa = PBXSourcesBuildPhase;
			buildActionMask = 2147483647;
			files = (
				8D05F95B290A99E8001DB3CA /* CoinDataService.swift in Sources */,
				8D1284D52902BE3000F63D0A /* CoinRowView.swift in Sources */,
				8D440BD229081CEF000B85A5 /* HomeViewModel.swift in Sources */,
				8D2D8B7028D0F98B00F79B9F /* CircleButton.swift in Sources */,
				8D2D8B5728D0F4C700F79B9F /* ContentView.swift in Sources */,
				8D2D8B6C28D0F8E700F79B9F /* HomeView.swift in Sources */,
				8D2D8B5528D0F4C700F79B9F /* CryptoAppApp.swift in Sources */,
				8D2D8B7228D1008100F79B9F /* CirvleButtonAnimationView.swift in Sources */,
				8D2D8B6628D0F60500F79B9F /* Color.swift in Sources */,
				8D1284D72902BE6C00F63D0A /* PreviewProvider.swift in Sources */,
				8DFE0E702906CE910035F53F /* Double.swift in Sources */,
				8D06F32A28DB7EF100D4BE91 /* CoinModel.swift in Sources */,
			);
			runOnlyForDeploymentPostprocessing = 0;
		};
/* End PBXSourcesBuildPhase section */

/* Begin XCBuildConfiguration section */
		8D2D8B5D28D0F4C800F79B9F /* Debug */ = {
			isa = XCBuildConfiguration;
			buildSettings = {
				ALWAYS_SEARCH_USER_PATHS = NO;
				CLANG_ANALYZER_NONNULL = YES;
				CLANG_ANALYZER_NUMBER_OBJECT_CONVERSION = YES_AGGRESSIVE;
				CLANG_CXX_LANGUAGE_STANDARD = "gnu++17";
				CLANG_ENABLE_MODULES = YES;
				CLANG_ENABLE_OBJC_ARC = YES;
				CLANG_ENABLE_OBJC_WEAK = YES;
				CLANG_WARN_BLOCK_CAPTURE_AUTORELEASING = YES;
				CLANG_WARN_BOOL_CONVERSION = YES;
				CLANG_WARN_COMMA = YES;
				CLANG_WARN_CONSTANT_CONVERSION = YES;
				CLANG_WARN_DEPRECATED_OBJC_IMPLEMENTATIONS = YES;
				CLANG_WARN_DIRECT_OBJC_ISA_USAGE = YES_ERROR;
				CLANG_WARN_DOCUMENTATION_COMMENTS = YES;
				CLANG_WARN_EMPTY_BODY = YES;
				CLANG_WARN_ENUM_CONVERSION = YES;
				CLANG_WARN_INFINITE_RECURSION = YES;
				CLANG_WARN_INT_CONVERSION = YES;
				CLANG_WARN_NON_LITERAL_NULL_CONVERSION = YES;
				CLANG_WARN_OBJC_IMPLICIT_RETAIN_SELF = YES;
				CLANG_WARN_OBJC_LITERAL_CONVERSION = YES;
				CLANG_WARN_OBJC_ROOT_CLASS = YES_ERROR;
				CLANG_WARN_QUOTED_INCLUDE_IN_FRAMEWORK_HEADER = YES;
				CLANG_WARN_RANGE_LOOP_ANALYSIS = YES;
				CLANG_WARN_STRICT_PROTOTYPES = YES;
				CLANG_WARN_SUSPICIOUS_MOVE = YES;
				CLANG_WARN_UNGUARDED_AVAILABILITY = YES_AGGRESSIVE;
				CLANG_WARN_UNREACHABLE_CODE = YES;
				CLANG_WARN__DUPLICATE_METHOD_MATCH = YES;
				COPY_PHASE_STRIP = NO;
				DEBUG_INFORMATION_FORMAT = dwarf;
				ENABLE_STRICT_OBJC_MSGSEND = YES;
				ENABLE_TESTABILITY = YES;
				GCC_C_LANGUAGE_STANDARD = gnu11;
				GCC_DYNAMIC_NO_PIC = NO;
				GCC_NO_COMMON_BLOCKS = YES;
				GCC_OPTIMIZATION_LEVEL = 0;
				GCC_PREPROCESSOR_DEFINITIONS = (
					"DEBUG=1",
					"$(inherited)",
				);
				GCC_WARN_64_TO_32_BIT_CONVERSION = YES;
				GCC_WARN_ABOUT_RETURN_TYPE = YES_ERROR;
				GCC_WARN_UNDECLARED_SELECTOR = YES;
				GCC_WARN_UNINITIALIZED_AUTOS = YES_AGGRESSIVE;
				GCC_WARN_UNUSED_FUNCTION = YES;
				GCC_WARN_UNUSED_VARIABLE = YES;
				IPHONEOS_DEPLOYMENT_TARGET = 15.5;
				MTL_ENABLE_DEBUG_INFO = INCLUDE_SOURCE;
				MTL_FAST_MATH = YES;
				ONLY_ACTIVE_ARCH = YES;
				SDKROOT = iphoneos;
				SWIFT_ACTIVE_COMPILATION_CONDITIONS = DEBUG;
				SWIFT_OPTIMIZATION_LEVEL = "-Onone";
			};
			name = Debug;
		};
		8D2D8B5E28D0F4C800F79B9F /* Release */ = {
			isa = XCBuildConfiguration;
			buildSettings = {
				ALWAYS_SEARCH_USER_PATHS = NO;
				CLANG_ANALYZER_NONNULL = YES;
				CLANG_ANALYZER_NUMBER_OBJECT_CONVERSION = YES_AGGRESSIVE;
				CLANG_CXX_LANGUAGE_STANDARD = "gnu++17";
				CLANG_ENABLE_MODULES = YES;
				CLANG_ENABLE_OBJC_ARC = YES;
				CLANG_ENABLE_OBJC_WEAK = YES;
				CLANG_WARN_BLOCK_CAPTURE_AUTORELEASING = YES;
				CLANG_WARN_BOOL_CONVERSION = YES;
				CLANG_WARN_COMMA = YES;
				CLANG_WARN_CONSTANT_CONVERSION = YES;
				CLANG_WARN_DEPRECATED_OBJC_IMPLEMENTATIONS = YES;
				CLANG_WARN_DIRECT_OBJC_ISA_USAGE = YES_ERROR;
				CLANG_WARN_DOCUMENTATION_COMMENTS = YES;
				CLANG_WARN_EMPTY_BODY = YES;
				CLANG_WARN_ENUM_CONVERSION = YES;
				CLANG_WARN_INFINITE_RECURSION = YES;
				CLANG_WARN_INT_CONVERSION = YES;
				CLANG_WARN_NON_LITERAL_NULL_CONVERSION = YES;
				CLANG_WARN_OBJC_IMPLICIT_RETAIN_SELF = YES;
				CLANG_WARN_OBJC_LITERAL_CONVERSION = YES;
				CLANG_WARN_OBJC_ROOT_CLASS = YES_ERROR;
				CLANG_WARN_QUOTED_INCLUDE_IN_FRAMEWORK_HEADER = YES;
				CLANG_WARN_RANGE_LOOP_ANALYSIS = YES;
				CLANG_WARN_STRICT_PROTOTYPES = YES;
				CLANG_WARN_SUSPICIOUS_MOVE = YES;
				CLANG_WARN_UNGUARDED_AVAILABILITY = YES_AGGRESSIVE;
				CLANG_WARN_UNREACHABLE_CODE = YES;
				CLANG_WARN__DUPLICATE_METHOD_MATCH = YES;
				COPY_PHASE_STRIP = NO;
				DEBUG_INFORMATION_FORMAT = "dwarf-with-dsym";
				ENABLE_NS_ASSERTIONS = NO;
				ENABLE_STRICT_OBJC_MSGSEND = YES;
				GCC_C_LANGUAGE_STANDARD = gnu11;
				GCC_NO_COMMON_BLOCKS = YES;
				GCC_WARN_64_TO_32_BIT_CONVERSION = YES;
				GCC_WARN_ABOUT_RETURN_TYPE = YES_ERROR;
				GCC_WARN_UNDECLARED_SELECTOR = YES;
				GCC_WARN_UNINITIALIZED_AUTOS = YES_AGGRESSIVE;
				GCC_WARN_UNUSED_FUNCTION = YES;
				GCC_WARN_UNUSED_VARIABLE = YES;
				IPHONEOS_DEPLOYMENT_TARGET = 15.5;
				MTL_ENABLE_DEBUG_INFO = NO;
				MTL_FAST_MATH = YES;
				SDKROOT = iphoneos;
				SWIFT_COMPILATION_MODE = wholemodule;
				SWIFT_OPTIMIZATION_LEVEL = "-O";
				VALIDATE_PRODUCT = YES;
			};
			name = Release;
		};
		8D2D8B6028D0F4C800F79B9F /* Debug */ = {
			isa = XCBuildConfiguration;
			buildSettings = {
				ASSETCATALOG_COMPILER_APPICON_NAME = AppIcon;
				ASSETCATALOG_COMPILER_GLOBAL_ACCENT_COLOR_NAME = AccentColor;
				CODE_SIGN_STYLE = Automatic;
				CURRENT_PROJECT_VERSION = 1;
				DEVELOPMENT_ASSET_PATHS = "\"CryptoApp/Preview Content\"";
				DEVELOPMENT_TEAM = 79GHQ256TM;
				ENABLE_PREVIEWS = YES;
				GENERATE_INFOPLIST_FILE = YES;
				INFOPLIST_KEY_UIApplicationSceneManifest_Generation = YES;
				INFOPLIST_KEY_UIApplicationSupportsIndirectInputEvents = YES;
				INFOPLIST_KEY_UILaunchScreen_Generation = YES;
				INFOPLIST_KEY_UISupportedInterfaceOrientations = UIInterfaceOrientationPortrait;
				INFOPLIST_KEY_UISupportedInterfaceOrientations_iPad = UIInterfaceOrientationPortrait;
				INFOPLIST_KEY_UISupportedInterfaceOrientations_iPhone = "UIInterfaceOrientationPortrait UIInterfaceOrientationLandscapeLeft UIInterfaceOrientationLandscapeRight";
				LD_RUNPATH_SEARCH_PATHS = (
					"$(inherited)",
					"@executable_path/Frameworks",
				);
				MARKETING_VERSION = 1.0;
				PRODUCT_BUNDLE_IDENTIFIER = com.manev.mikhail.CryptoApp;
				PRODUCT_NAME = "$(TARGET_NAME)";
				SWIFT_EMIT_LOC_STRINGS = YES;
				SWIFT_VERSION = 5.0;
				TARGETED_DEVICE_FAMILY = "1,2";
			};
			name = Debug;
		};
		8D2D8B6128D0F4C800F79B9F /* Release */ = {
			isa = XCBuildConfiguration;
			buildSettings = {
				ASSETCATALOG_COMPILER_APPICON_NAME = AppIcon;
				ASSETCATALOG_COMPILER_GLOBAL_ACCENT_COLOR_NAME = AccentColor;
				CODE_SIGN_STYLE = Automatic;
				CURRENT_PROJECT_VERSION = 1;
				DEVELOPMENT_ASSET_PATHS = "\"CryptoApp/Preview Content\"";
				DEVELOPMENT_TEAM = 79GHQ256TM;
				ENABLE_PREVIEWS = YES;
				GENERATE_INFOPLIST_FILE = YES;
				INFOPLIST_KEY_UIApplicationSceneManifest_Generation = YES;
				INFOPLIST_KEY_UIApplicationSupportsIndirectInputEvents = YES;
				INFOPLIST_KEY_UILaunchScreen_Generation = YES;
				INFOPLIST_KEY_UISupportedInterfaceOrientations = UIInterfaceOrientationPortrait;
				INFOPLIST_KEY_UISupportedInterfaceOrientations_iPad = UIInterfaceOrientationPortrait;
				INFOPLIST_KEY_UISupportedInterfaceOrientations_iPhone = "UIInterfaceOrientationPortrait UIInterfaceOrientationLandscapeLeft UIInterfaceOrientationLandscapeRight";
				LD_RUNPATH_SEARCH_PATHS = (
					"$(inherited)",
					"@executable_path/Frameworks",
				);
				MARKETING_VERSION = 1.0;
				PRODUCT_BUNDLE_IDENTIFIER = com.manev.mikhail.CryptoApp;
				PRODUCT_NAME = "$(TARGET_NAME)";
				SWIFT_EMIT_LOC_STRINGS = YES;
				SWIFT_VERSION = 5.0;
				TARGETED_DEVICE_FAMILY = "1,2";
			};
			name = Release;
		};
/* End XCBuildConfiguration section */

/* Begin XCConfigurationList section */
		8D2D8B4C28D0F4C700F79B9F /* Build configuration list for PBXProject "CryptoApp" */ = {
			isa = XCConfigurationList;
			buildConfigurations = (
				8D2D8B5D28D0F4C800F79B9F /* Debug */,
				8D2D8B5E28D0F4C800F79B9F /* Release */,
			);
			defaultConfigurationIsVisible = 0;
			defaultConfigurationName = Release;
		};
		8D2D8B5F28D0F4C800F79B9F /* Build configuration list for PBXNativeTarget "CryptoApp" */ = {
			isa = XCConfigurationList;
			buildConfigurations = (
				8D2D8B6028D0F4C800F79B9F /* Debug */,
				8D2D8B6128D0F4C800F79B9F /* Release */,
			);
			defaultConfigurationIsVisible = 0;
			defaultConfigurationName = Release;
		};
/* End XCConfigurationList section */
	};
	rootObject = 8D2D8B4928D0F4C700F79B9F /* Project object */;
}
